
Microsoft Visual Studio Solution File, Format Version 12.00
# Visual Studio Version 17
VisualStudioVersion = 17.8.34525.116
MinimumVisualStudioVersion = 10.0.40219.1
Project("{9A19103F-16F7-4668-BE54-9A1E7A4F7556}") = "book mate", "book mate\book mate.csproj", "{1D5554D0-8908-46EB-8587-DCB75A854B7E}"
EndProject
Global
	GlobalSection(SolutionConfigurationPlatforms) = preSolution
		Debug|Any CPU = Debug|Any CPU
		Release|Any CPU = Release|Any CPU
	EndGlobalSection
	GlobalSection(ProjectConfigurationPlatforms) = postSolution
		{1D5554D0-8908-46EB-8587-DCB75A854B7E}.Debug|Any CPU.ActiveCfg = Debug|Any CPU
		{1D5554D0-8908-46EB-8587-DCB75A854B7E}.Debug|Any CPU.Build.0 = Debug|Any CPU
		{1D5554D0-8908-46EB-8587-DCB75A854B7E}.Release|Any CPU.ActiveCfg = Release|Any CPU
		{1D5554D0-8908-46EB-8587-DCB75A854B7E}.Release|Any CPU.Build.0 = Release|Any CPU
	EndGlobalSection
	GlobalSection(SolutionProperties) = preSolution
		HideSolutionNode = FALSE
	EndGlobalSection
	GlobalSection(ExtensibilityGlobals) = postSolution
		SolutionGuid = {ED894271-2049-45C9-868C-EE1B5B651039}
	EndGlobalSection
EndGlobal
