
Microsoft Visual Studio Solution File, Format Version 12.00
# Visual Studio Version 17
VisualStudioVersion = 17.8.34525.116
MinimumVisualStudioVersion = 10.0.40219.1
Project("{9A19103F-16F7-4668-BE54-9A1E7A4F7556}") = "book mate", "book mate\book mate.csproj", "{1D5554D0-8908-46EB-8587-DCB75A854B7E}"
EndProject
Project("{9A19103F-16F7-4668-BE54-9A1E7A4F7556}") = "Services", "Services\Services.csproj", "{F8C1EFE6-17A3-4CA5-AA48-05574BBAA2A8}"
EndProject
Project("{9A19103F-16F7-4668-BE54-9A1E7A4F7556}") = "ServiceContracts", "ServiceContracts\ServiceContracts.csproj", "{8905E5FE-7EA9-4C93-B8BC-1ECC0B4703E6}"
EndProject
Project("{9A19103F-16F7-4668-BE54-9A1E7A4F7556}") = "BookMate.DataAccess", "BookMate.DataAccess\BookMate.DataAccess.csproj", "{636E559E-AD4C-49DF-8842-7CB24FA68E62}"
EndProject
Project("{9A19103F-16F7-4668-BE54-9A1E7A4F7556}") = "BookMate.Entities", "BookMate.Entities\BookMate.Entities.csproj", "{8A5F67A2-3D1B-4592-8138-9FDCCE276CA0}"
EndProject
Global
	GlobalSection(SolutionConfigurationPlatforms) = preSolution
		Debug|Any CPU = Debug|Any CPU
		Release|Any CPU = Release|Any CPU
	EndGlobalSection
	GlobalSection(ProjectConfigurationPlatforms) = postSolution
		{1D5554D0-8908-46EB-8587-DCB75A854B7E}.Debug|Any CPU.ActiveCfg = Debug|Any CPU
		{1D5554D0-8908-46EB-8587-DCB75A854B7E}.Debug|Any CPU.Build.0 = Debug|Any CPU
		{1D5554D0-8908-46EB-8587-DCB75A854B7E}.Release|Any CPU.ActiveCfg = Release|Any CPU
		{1D5554D0-8908-46EB-8587-DCB75A854B7E}.Release|Any CPU.Build.0 = Release|Any CPU
		{F8C1EFE6-17A3-4CA5-AA48-05574BBAA2A8}.Debug|Any CPU.ActiveCfg = Debug|Any CPU
		{F8C1EFE6-17A3-4CA5-AA48-05574BBAA2A8}.Debug|Any CPU.Build.0 = Debug|Any CPU
		{F8C1EFE6-17A3-4CA5-AA48-05574BBAA2A8}.Release|Any CPU.ActiveCfg = Release|Any CPU
		{F8C1EFE6-17A3-4CA5-AA48-05574BBAA2A8}.Release|Any CPU.Build.0 = Release|Any CPU
		{8905E5FE-7EA9-4C93-B8BC-1ECC0B4703E6}.Debug|Any CPU.ActiveCfg = Debug|Any CPU
		{8905E5FE-7EA9-4C93-B8BC-1ECC0B4703E6}.Debug|Any CPU.Build.0 = Debug|Any CPU
		{8905E5FE-7EA9-4C93-B8BC-1ECC0B4703E6}.Release|Any CPU.ActiveCfg = Release|Any CPU
		{8905E5FE-7EA9-4C93-B8BC-1ECC0B4703E6}.Release|Any CPU.Build.0 = Release|Any CPU
		{636E559E-AD4C-49DF-8842-7CB24FA68E62}.Debug|Any CPU.ActiveCfg = Debug|Any CPU
		{636E559E-AD4C-49DF-8842-7CB24FA68E62}.Debug|Any CPU.Build.0 = Debug|Any CPU
		{636E559E-AD4C-49DF-8842-7CB24FA68E62}.Release|Any CPU.ActiveCfg = Release|Any CPU
		{636E559E-AD4C-49DF-8842-7CB24FA68E62}.Release|Any CPU.Build.0 = Release|Any CPU
		{8A5F67A2-3D1B-4592-8138-9FDCCE276CA0}.Debug|Any CPU.ActiveCfg = Debug|Any CPU
		{8A5F67A2-3D1B-4592-8138-9FDCCE276CA0}.Debug|Any CPU.Build.0 = Debug|Any CPU
		{8A5F67A2-3D1B-4592-8138-9FDCCE276CA0}.Release|Any CPU.ActiveCfg = Release|Any CPU
		{8A5F67A2-3D1B-4592-8138-9FDCCE276CA0}.Release|Any CPU.Build.0 = Release|Any CPU
	EndGlobalSection
	GlobalSection(SolutionProperties) = preSolution
		HideSolutionNode = FALSE
	EndGlobalSection
	GlobalSection(ExtensibilityGlobals) = postSolution
		SolutionGuid = {ED894271-2049-45C9-868C-EE1B5B651039}
	EndGlobalSection
EndGlobal
